
Microsoft Visual Studio Solution File, Format Version 12.00
# Visual Studio Version 17
VisualStudioVersion = 17.13.35931.197 d17.13
MinimumVisualStudioVersion = 10.0.40219.1
Project("{FAE04EC0-301F-11D3-BF4B-00C04F79EFBC}") = "Lesson3", "Lesson3\Lesson3.csproj", "{F14B3EB9-E8EB-42A6-B11E-81B0EFEC578B}"
EndProject
Global
	GlobalSection(SolutionConfigurationPlatforms) = preSolution
		Debug|Any CPU = Debug|Any CPU
		Release|Any CPU = Release|Any CPU
	EndGlobalSection
	GlobalSection(ProjectConfigurationPlatforms) = postSolution
		{F14B3EB9-E8EB-42A6-B11E-81B0EFEC578B}.Debug|Any CPU.ActiveCfg = Debug|Any CPU
		{F14B3EB9-E8EB-42A6-B11E-81B0EFEC578B}.Debug|Any CPU.Build.0 = Debug|Any CPU
		{F14B3EB9-E8EB-42A6-B11E-81B0EFEC578B}.Release|Any CPU.ActiveCfg = Release|Any CPU
		{F14B3EB9-E8EB-42A6-B11E-81B0EFEC578B}.Release|Any CPU.Build.0 = Release|Any CPU
	EndGlobalSection
	GlobalSection(SolutionProperties) = preSolution
		HideSolutionNode = FALSE
	EndGlobalSection
	GlobalSection(ExtensibilityGlobals) = postSolution
		SolutionGuid = {AA5E75F6-C895-4985-818F-C691DF2FD83A}
	EndGlobalSection
EndGlobal
